Microsoft Visual Studio Solution File, Format Version 12.00
# Visual Studio Version 17
VisualStudioVersion = 17.1.32228.430
MinimumVisualStudioVersion = 10.0.40219.1
Project("{2150E333-8FDC-42A3-9474-1A3956D46DE8}") = "Solution Items", "Solution Items", "{CAC0A8EB-5914-4F0C-9471-1F4BD126069A}"
	ProjectSection(SolutionItems) = preProject
		LICENSE = LICENSE
		README = README
		sys.targets = sys.targets
		Version.tt = Version.tt
	EndProjectSection
EndProject
Project("{FAE04EC0-301F-11D3-BF4B-00C04F79EFBC}") = "ManageModsAndSavefiles", "Mmasf\ManageModsAndSavefiles.csproj", "{EBB73C84-6622-4183-A28F-B0DFF606006B}"
EndProject
Project("{FAE04EC0-301F-11D3-BF4B-00C04F79EFBC}") = "Test", "Test\Test.csproj", "{E6986DBC-5120-46F5-A727-7DD6696252ED}"
EndProject
Project("{2150E333-8FDC-42A3-9474-1A3956D46DE8}") = "Build", "Build", "{6EA8DC03-F0E0-49CA-8DA7-AA970F1D3302}"
	ProjectSection(SolutionItems) = preProject
		..\build\CSharp.targets = ..\build\CSharp.targets
	EndProjectSection
EndProject
Project("{FAE04EC0-301F-11D3-BF4B-00C04F79EFBC}") = "MmasfUI", "MmasfUI\MmasfUI.csproj", "{E45A2DC4-C15F-4BB9-9957-2BA93273FF24}"
EndProject
Project("{FAE04EC0-301F-11D3-BF4B-00C04F79EFBC}") = "Lua", "Lua\Lua.csproj", "{EBB73C84-6622-4183-A28F-187178145326}"
EndProject
Project("{FAE04EC0-301F-11D3-BF4B-00C04F79EFBC}") = "HWBase", "HWBase\HWBase.csproj", "{EBB73C84-6622-4183-A28F-187178152322}"
EndProject
Project("{FAE04EC0-301F-11D3-BF4B-00C04F79EFBC}") = "NativeLua", "NativeLua\NativeLua.csproj", "{A990CDCE-D73D-4003-A773-5969B659F689}"
EndProject
Project("{FAE04EC0-301F-11D3-BF4B-00C04F79EFBC}") = "BuildFactorioMod", "BuildFactorioMod\BuildFactorioMod.csproj", "{E6986DBC-5120-46F5-A727-1234596252ED}"
EndProject
Project("{FAE04EC0-301F-11D3-BF4B-00C04F79EFBC}") = "FactorioApi", "FApi\FactorioApi.csproj", "{34E76701-B9C9-4482-A10F-07FCB2112F2E}"
EndProject
Global
	GlobalSection(SolutionConfigurationPlatforms) = preSolution
		Debug|Any CPU = Debug|Any CPU
		Release|Any CPU = Release|Any CPU
		Setup|Any CPU = Setup|Any CPU
	EndGlobalSection
	GlobalSection(ProjectConfigurationPlatforms) = postSolution
		{EBB73C84-6622-4183-A28F-B0DFF606006B}.Debug|Any CPU.ActiveCfg = Debug|Any CPU
		{EBB73C84-6622-4183-A28F-B0DFF606006B}.Debug|Any CPU.Build.0 = Debug|Any CPU
		{EBB73C84-6622-4183-A28F-B0DFF606006B}.Release|Any CPU.ActiveCfg = Release|Any CPU
		{EBB73C84-6622-4183-A28F-B0DFF606006B}.Release|Any CPU.Build.0 = Release|Any CPU
		{EBB73C84-6622-4183-A28F-B0DFF606006B}.Setup|Any CPU.ActiveCfg = Release|Any CPU
		{EBB73C84-6622-4183-A28F-B0DFF606006B}.Setup|Any CPU.Build.0 = Release|Any CPU
		{E6986DBC-5120-46F5-A727-7DD6696252ED}.Debug|Any CPU.ActiveCfg = Debug|Any CPU
		{E6986DBC-5120-46F5-A727-7DD6696252ED}.Debug|Any CPU.Build.0 = Debug|Any CPU
		{E6986DBC-5120-46F5-A727-7DD6696252ED}.Release|Any CPU.ActiveCfg = Release|Any CPU
		{E6986DBC-5120-46F5-A727-7DD6696252ED}.Release|Any CPU.Build.0 = Release|Any CPU
		{E6986DBC-5120-46F5-A727-7DD6696252ED}.Setup|Any CPU.ActiveCfg = Release|Any CPU
		{E6986DBC-5120-46F5-A727-7DD6696252ED}.Setup|Any CPU.Build.0 = Release|Any CPU
		{E45A2DC4-C15F-4BB9-9957-2BA93273FF24}.Debug|Any CPU.ActiveCfg = Debug|Any CPU
		{E45A2DC4-C15F-4BB9-9957-2BA93273FF24}.Debug|Any CPU.Build.0 = Debug|Any CPU
		{E45A2DC4-C15F-4BB9-9957-2BA93273FF24}.Release|Any CPU.ActiveCfg = Release|Any CPU
		{E45A2DC4-C15F-4BB9-9957-2BA93273FF24}.Release|Any CPU.Build.0 = Release|Any CPU
		{E45A2DC4-C15F-4BB9-9957-2BA93273FF24}.Setup|Any CPU.ActiveCfg = Setup|Any CPU
		{E45A2DC4-C15F-4BB9-9957-2BA93273FF24}.Setup|Any CPU.Build.0 = Setup|Any CPU
		{EBB73C84-6622-4183-A28F-187178145326}.Debug|Any CPU.ActiveCfg = Debug|Any CPU
		{EBB73C84-6622-4183-A28F-187178145326}.Debug|Any CPU.Build.0 = Debug|Any CPU
		{EBB73C84-6622-4183-A28F-187178145326}.Release|Any CPU.ActiveCfg = Release|Any CPU
		{EBB73C84-6622-4183-A28F-187178145326}.Release|Any CPU.Build.0 = Release|Any CPU
		{EBB73C84-6622-4183-A28F-187178145326}.Setup|Any CPU.ActiveCfg = Debug|Any CPU
		{EBB73C84-6622-4183-A28F-187178145326}.Setup|Any CPU.Build.0 = Debug|Any CPU
		{EBB73C84-6622-4183-A28F-187178152322}.Debug|Any CPU.ActiveCfg = Debug|Any CPU
		{EBB73C84-6622-4183-A28F-187178152322}.Debug|Any CPU.Build.0 = Debug|Any CPU
		{EBB73C84-6622-4183-A28F-187178152322}.Release|Any CPU.ActiveCfg = Release|Any CPU
		{EBB73C84-6622-4183-A28F-187178152322}.Release|Any CPU.Build.0 = Release|Any CPU
		{EBB73C84-6622-4183-A28F-187178152322}.Setup|Any CPU.ActiveCfg = Debug|Any CPU
		{EBB73C84-6622-4183-A28F-187178152322}.Setup|Any CPU.Build.0 = Debug|Any CPU
		{A990CDCE-D73D-4003-A773-5969B659F689}.Debug|Any CPU.ActiveCfg = Debug|Any CPU
		{A990CDCE-D73D-4003-A773-5969B659F689}.Debug|Any CPU.Build.0 = Debug|Any CPU
		{A990CDCE-D73D-4003-A773-5969B659F689}.Release|Any CPU.ActiveCfg = Release|Any CPU
		{A990CDCE-D73D-4003-A773-5969B659F689}.Release|Any CPU.Build.0 = Release|Any CPU
		{A990CDCE-D73D-4003-A773-5969B659F689}.Setup|Any CPU.ActiveCfg = Release|Any CPU
		{A990CDCE-D73D-4003-A773-5969B659F689}.Setup|Any CPU.Build.0 = Release|Any CPU
		{E6986DBC-5120-46F5-A727-1234596252ED}.Debug|Any CPU.ActiveCfg = Debug|Any CPU
		{E6986DBC-5120-46F5-A727-1234596252ED}.Debug|Any CPU.Build.0 = Debug|Any CPU
		{E6986DBC-5120-46F5-A727-1234596252ED}.Release|Any CPU.ActiveCfg = Release|Any CPU
		{E6986DBC-5120-46F5-A727-1234596252ED}.Release|Any CPU.Build.0 = Release|Any CPU
		{E6986DBC-5120-46F5-A727-1234596252ED}.Setup|Any CPU.ActiveCfg = Debug|Any CPU
		{E6986DBC-5120-46F5-A727-1234596252ED}.Setup|Any CPU.Build.0 = Debug|Any CPU
		{34E76701-B9C9-4482-A10F-07FCB2112F2E}.Debug|Any CPU.ActiveCfg = Debug|Any CPU
		{34E76701-B9C9-4482-A10F-07FCB2112F2E}.Debug|Any CPU.Build.0 = Debug|Any CPU
		{34E76701-B9C9-4482-A10F-07FCB2112F2E}.Release|Any CPU.ActiveCfg = Release|Any CPU
		{34E76701-B9C9-4482-A10F-07FCB2112F2E}.Release|Any CPU.Build.0 = Release|Any CPU
		{34E76701-B9C9-4482-A10F-07FCB2112F2E}.Setup|Any CPU.ActiveCfg = Release|Any CPU
		{34E76701-B9C9-4482-A10F-07FCB2112F2E}.Setup|Any CPU.Build.0 = Release|Any CPU
	EndGlobalSection
	GlobalSection(SolutionProperties) = preSolution
		HideSolutionNode = FALSE
	EndGlobalSection
	GlobalSection(ExtensibilityGlobals) = postSolution
		SolutionGuid = {4E6DC549-1480-4BFE-B276-A189C2692A19}
	EndGlobalSection
EndGlobal
